// !$*UTF8*$!
{
	archiveVersion = 1;
	classes = {
	};
	objectVersion = 70;
	objects = {

/* Begin PBXBuildFile section */
		960C6B572B7B3FE900D91407 /* JSONManager.swift in Sources */ = {isa = PBXBuildFile; fileRef = 960C6B562B7B3FE900D91407 /* JSONManager.swift */; };
		960C6B8B2B7B865700D91407 /* UserDefaultManager.swift in Sources */ = {isa = PBXBuildFile; fileRef = 960C6B8A2B7B865700D91407 /* UserDefaultManager.swift */; };
		9611091B2BAFE3F800AF4C45 /* TTSManager.swift in Sources */ = {isa = PBXBuildFile; fileRef = 9611091A2BAFE3F800AF4C45 /* TTSManager.swift */; };
		961536802C82E87C00563983 /* Main.storyboard in Resources */ = {isa = PBXBuildFile; fileRef = 9615367F2C82E87C00563983 /* Main.storyboard */; };
		961536822C82E9AC00563983 /* MainViewController.swift in Sources */ = {isa = PBXBuildFile; fileRef = 961536812C82E9AC00563983 /* MainViewController.swift */; };
		961536852C8355F200563983 /* HeaderTableViewCell.xib in Resources */ = {isa = PBXBuildFile; fileRef = 961536842C8355F200563983 /* HeaderTableViewCell.xib */; };
		961536872C83560D00563983 /* HeaderTableViewCell.swift in Sources */ = {isa = PBXBuildFile; fileRef = 961536862C83560D00563983 /* HeaderTableViewCell.swift */; };
		961536892C84315900563983 /* IndexTableViewCell.swift in Sources */ = {isa = PBXBuildFile; fileRef = 961536882C84315900563983 /* IndexTableViewCell.swift */; };
		9615368B2C84319F00563983 /* IndexTableViewCell.xib in Resources */ = {isa = PBXBuildFile; fileRef = 9615368A2C84319F00563983 /* IndexTableViewCell.xib */; };
		9615368F2C8433EB00563983 /* jlpt.png in Resources */ = {isa = PBXBuildFile; fileRef = 9615368C2C8433EB00563983 /* jlpt.png */; };
		961536902C8433EB00563983 /* kanji.png in Resources */ = {isa = PBXBuildFile; fileRef = 9615368D2C8433EB00563983 /* kanji.png */; };
		961536912C8433EB00563983 /* hiraganakatakana.png in Resources */ = {isa = PBXBuildFile; fileRef = 9615368E2C8433EB00563983 /* hiraganakatakana.png */; };
		961536932C84868200563983 /* star.png in Resources */ = {isa = PBXBuildFile; fileRef = 961536922C84868200563983 /* star.png */; };
		961536962C8AA6A200563983 /* Day.storyboard in Resources */ = {isa = PBXBuildFile; fileRef = 961536952C8AA6A200563983 /* Day.storyboard */; };
		961536982C8AA6BA00563983 /* DayViewController.swift in Sources */ = {isa = PBXBuildFile; fileRef = 961536972C8AA6BA00563983 /* DayViewController.swift */; };
		9615369B2C8AB90A00563983 /* StudyViewController.swift in Sources */ = {isa = PBXBuildFile; fileRef = 9615369A2C8AB90A00563983 /* StudyViewController.swift */; };
		9615369D2C8AB91400563983 /* Study.storyboard in Resources */ = {isa = PBXBuildFile; fileRef = 9615369C2C8AB91400563983 /* Study.storyboard */; };
		961536A02C8C2C7400563983 /* Test.storyboard in Resources */ = {isa = PBXBuildFile; fileRef = 9615369F2C8C2C7400563983 /* Test.storyboard */; };
		961536A22C8C2C7E00563983 /* TestViewController.swift in Sources */ = {isa = PBXBuildFile; fileRef = 961536A12C8C2C7E00563983 /* TestViewController.swift */; };
		962F1B9B2B79DCD10051C4DA /* AppDelegate.swift in Sources */ = {isa = PBXBuildFile; fileRef = 962F1B9A2B79DCD10051C4DA /* AppDelegate.swift */; };
		962F1BA42B79DCD20051C4DA /* Assets.xcassets in Resources */ = {isa = PBXBuildFile; fileRef = 962F1BA32B79DCD20051C4DA /* Assets.xcassets */; };
		962F1BA72B79DCD20051C4DA /* LaunchScreen.storyboard in Resources */ = {isa = PBXBuildFile; fileRef = 962F1BA52B79DCD20051C4DA /* LaunchScreen.storyboard */; };
		964AA5F92B79E80B007DE504 /* UIViewController+Ext.swift in Sources */ = {isa = PBXBuildFile; fileRef = 964AA5F82B79E80B007DE504 /* UIViewController+Ext.swift */; };
		9658D1FD2B9EABEA001A6A7E /* VocabularyTableViewHandler.swift in Sources */ = {isa = PBXBuildFile; fileRef = 9658D1FC2B9EABEA001A6A7E /* VocabularyTableViewHandler.swift */; };
		965C1CEE2C8C69DD00355DDF /* TestResultViewController.swift in Sources */ = {isa = PBXBuildFile; fileRef = 965C1CED2C8C69DD00355DDF /* TestResultViewController.swift */; };
		965C1CF02C8C6A3C00355DDF /* TestResult.storyboard in Resources */ = {isa = PBXBuildFile; fileRef = 965C1CEF2C8C6A3C00355DDF /* TestResult.storyboard */; };
		965C1CF42C8C768600355DDF /* HiraganaKatakanaViewController.swift in Sources */ = {isa = PBXBuildFile; fileRef = 965C1CF32C8C768600355DDF /* HiraganaKatakanaViewController.swift */; };
		965C1CF62C8C769C00355DDF /* HiraganaKatakana.storyboard in Resources */ = {isa = PBXBuildFile; fileRef = 965C1CF52C8C769C00355DDF /* HiraganaKatakana.storyboard */; };
		965C1CF82C8C77B400355DDF /* HiraganaKatakanaCollectionViewCell.swift in Sources */ = {isa = PBXBuildFile; fileRef = 965C1CF72C8C77B400355DDF /* HiraganaKatakanaCollectionViewCell.swift */; };
		965C1CFA2C8C77C500355DDF /* HiraganaKatakanaCollectionViewCell.xib in Resources */ = {isa = PBXBuildFile; fileRef = 965C1CF92C8C77C500355DDF /* HiraganaKatakanaCollectionViewCell.xib */; };
		965C1CFD2C8C887300355DDF /* ProcessView.swift in Sources */ = {isa = PBXBuildFile; fileRef = 965C1CFC2C8C887300355DDF /* ProcessView.swift */; };
		967AD8D32CEC6D81001A3397 /* HiraganaKatakanaTestResult.storyboard in Resources */ = {isa = PBXBuildFile; fileRef = 967AD8D22CEC6D81001A3397 /* HiraganaKatakanaTestResult.storyboard */; };
		967AD8D52CEC6D95001A3397 /* HiraganaKatakanaTestResultViewController.swift in Sources */ = {isa = PBXBuildFile; fileRef = 967AD8D42CEC6D95001A3397 /* HiraganaKatakanaTestResultViewController.swift */; };
		967AD8D82CEC756F001A3397 /* TestResultTableViewCell.xib in Resources */ = {isa = PBXBuildFile; fileRef = 967AD8D72CEC756F001A3397 /* TestResultTableViewCell.xib */; };
		967AD8DA2CEC763C001A3397 /* TestResultTableViewCell.swift in Sources */ = {isa = PBXBuildFile; fileRef = 967AD8D92CEC763C001A3397 /* TestResultTableViewCell.swift */; };
		969493522B7DDE140064312F /* Vocabulary.swift in Sources */ = {isa = PBXBuildFile; fileRef = 969493512B7DDE140064312F /* Vocabulary.swift */; };
		9694935B2B7DE78B0064312F /* VocabularyTableViewCell.xib in Resources */ = {isa = PBXBuildFile; fileRef = 969493592B7DE78B0064312F /* VocabularyTableViewCell.xib */; };
		9694935C2B7DE78B0064312F /* VocabularyTableViewCell.swift in Sources */ = {isa = PBXBuildFile; fileRef = 9694935A2B7DE78B0064312F /* VocabularyTableViewCell.swift */; };
		96A35C782BA5BB4F00D7B4F9 /* CommonConstant.swift in Sources */ = {isa = PBXBuildFile; fileRef = 96A35C772BA5BB4F00D7B4F9 /* CommonConstant.swift */; };
		96A35C7A2BA5BEDF00D7B4F9 /* KanjiTableViewHandler.swift in Sources */ = {isa = PBXBuildFile; fileRef = 96A35C792BA5BEDF00D7B4F9 /* KanjiTableViewHandler.swift */; };
		96BA5ABB2BA0A14F00E3373C /* appicon.png in Resources */ = {isa = PBXBuildFile; fileRef = 96BA5ABA2BA0A14F00E3373C /* appicon.png */; };
		96BA5AC22BA2BB6B00E3373C /* UINavigationController+Ext.swift in Sources */ = {isa = PBXBuildFile; fileRef = 96BA5AC12BA2BB6B00E3373C /* UINavigationController+Ext.swift */; };
		96BA5B042BA2CF3700E3373C /* n3.json in Resources */ = {isa = PBXBuildFile; fileRef = 96BA5AFF2BA2CF3700E3373C /* n3.json */; };
		96BA5B052BA2CF3700E3373C /* n4.json in Resources */ = {isa = PBXBuildFile; fileRef = 96BA5B002BA2CF3700E3373C /* n4.json */; };
		96BA5B062BA2CF3700E3373C /* n1.json in Resources */ = {isa = PBXBuildFile; fileRef = 96BA5B012BA2CF3700E3373C /* n1.json */; };
		96BA5B072BA2CF3700E3373C /* n5.json in Resources */ = {isa = PBXBuildFile; fileRef = 96BA5B022BA2CF3700E3373C /* n5.json */; };
		96BA5B082BA2CF3700E3373C /* n2.json in Resources */ = {isa = PBXBuildFile; fileRef = 96BA5B032BA2CF3700E3373C /* n2.json */; };
		96C0F2D02CFDDE9200A9DC21 /* WidgetKit.framework in Frameworks */ = {isa = PBXBuildFile; fileRef = 96C0F2CF2CFDDE9200A9DC21 /* WidgetKit.framework */; };
		96C0F2D22CFDDE9200A9DC21 /* SwiftUI.framework in Frameworks */ = {isa = PBXBuildFile; fileRef = 96C0F2D12CFDDE9200A9DC21 /* SwiftUI.framework */; };
		96C0F2DF2CFDDE9400A9DC21 /* StudyWidegetExtension.appex in Embed Foundation Extensions */ = {isa = PBXBuildFile; fileRef = 96C0F2CD2CFDDE9200A9DC21 /* StudyWidegetExtension.appex */; settings = {ATTRIBUTES = (RemoveHeadersOnCopy, ); }; };
		96C0F2E72CFDE12800A9DC21 /* IndexEnum.swift in Sources */ = {isa = PBXBuildFile; fileRef = 96C0F2E62CFDE12600A9DC21 /* IndexEnum.swift */; };
		96C0F2EA2CFDE2DB00A9DC21 /* SectionEnum.swift in Sources */ = {isa = PBXBuildFile; fileRef = 96C0F2E92CFDE2DB00A9DC21 /* SectionEnum.swift */; };
		96C0F2EE2CFDE2F600A9DC21 /* Section+Ext.swift in Sources */ = {isa = PBXBuildFile; fileRef = 96C0F2EC2CFDE2F600A9DC21 /* Section+Ext.swift */; };
		96C0F2EF2CFDE45000A9DC21 /* kanji1.json in Resources */ = {isa = PBXBuildFile; fileRef = 96CC74D62CEA1217002E220D /* kanji1.json */; };
		96C0F2F02CFDE45600A9DC21 /* kanji5.json in Resources */ = {isa = PBXBuildFile; fileRef = 96CC74DA2CEA1217002E220D /* kanji5.json */; };
		96C0F2F12CFDE45600A9DC21 /* kanji4.json in Resources */ = {isa = PBXBuildFile; fileRef = 96CC74D92CEA1217002E220D /* kanji4.json */; };
		96C0F2F22CFDE45600A9DC21 /* n2.json in Resources */ = {isa = PBXBuildFile; fileRef = 96BA5B032BA2CF3700E3373C /* n2.json */; };
		96C0F2F32CFDE45600A9DC21 /* kanji7.json in Resources */ = {isa = PBXBuildFile; fileRef = 96CC74DC2CEA1217002E220D /* kanji7.json */; };
		96C0F2F42CFDE45600A9DC21 /* n3.json in Resources */ = {isa = PBXBuildFile; fileRef = 96BA5AFF2BA2CF3700E3373C /* n3.json */; };
		96C0F2F52CFDE45600A9DC21 /* kanji6.json in Resources */ = {isa = PBXBuildFile; fileRef = 96CC74DB2CEA1217002E220D /* kanji6.json */; };
		96C0F2F62CFDE45600A9DC21 /* kanji3.json in Resources */ = {isa = PBXBuildFile; fileRef = 96CC74D82CEA1217002E220D /* kanji3.json */; };
		96C0F2F72CFDE45600A9DC21 /* n5.json in Resources */ = {isa = PBXBuildFile; fileRef = 96BA5B022BA2CF3700E3373C /* n5.json */; };
		96C0F2F82CFDE45600A9DC21 /* n1.json in Resources */ = {isa = PBXBuildFile; fileRef = 96BA5B012BA2CF3700E3373C /* n1.json */; };
		96C0F2F92CFDE45600A9DC21 /* n4.json in Resources */ = {isa = PBXBuildFile; fileRef = 96BA5B002BA2CF3700E3373C /* n4.json */; };
		96C0F2FA2CFDE45600A9DC21 /* kanji2.json in Resources */ = {isa = PBXBuildFile; fileRef = 96CC74D72CEA1217002E220D /* kanji2.json */; };
		96C0FD3C2D03317100A9DC21 /* JSONManager.swift in Sources */ = {isa = PBXBuildFile; fileRef = 960C6B562B7B3FE900D91407 /* JSONManager.swift */; };
		96C0FD3D2D0331F500A9DC21 /* Vocabulary.swift in Sources */ = {isa = PBXBuildFile; fileRef = 969493512B7DDE140064312F /* Vocabulary.swift */; };
		96C0FD3E2D0331F900A9DC21 /* Kanji.swift in Sources */ = {isa = PBXBuildFile; fileRef = 96D9A8482B7CD9160042E2DA /* Kanji.swift */; };
		96C0FD5A2D0AF7FE00A9DC21 /* GoogleMobileAds in Frameworks */ = {isa = PBXBuildFile; productRef = 96C0FD592D0AF7FE00A9DC21 /* GoogleMobileAds */; };
		96C174192BB590EF006775E5 /* ExpandableAreaView.swift in Sources */ = {isa = PBXBuildFile; fileRef = 96C174172BB590EF006775E5 /* ExpandableAreaView.swift */; };
		96C1741A2BB590EF006775E5 /* ExpandableAreaView.xib in Resources */ = {isa = PBXBuildFile; fileRef = 96C174182BB590EF006775E5 /* ExpandableAreaView.xib */; };
		96C1741C2BB5AF13006775E5 /* UIStackView+Ext.swift in Sources */ = {isa = PBXBuildFile; fileRef = 96C1741B2BB5AF13006775E5 /* UIStackView+Ext.swift */; };
		96CC74DD2CEA1217002E220D /* kanji5.json in Resources */ = {isa = PBXBuildFile; fileRef = 96CC74DA2CEA1217002E220D /* kanji5.json */; };
		96CC74DE2CEA1217002E220D /* kanji2.json in Resources */ = {isa = PBXBuildFile; fileRef = 96CC74D72CEA1217002E220D /* kanji2.json */; };
		96CC74DF2CEA1217002E220D /* kanji6.json in Resources */ = {isa = PBXBuildFile; fileRef = 96CC74DB2CEA1217002E220D /* kanji6.json */; };
		96CC74E02CEA1217002E220D /* kanji4.json in Resources */ = {isa = PBXBuildFile; fileRef = 96CC74D92CEA1217002E220D /* kanji4.json */; };
		96CC74E12CEA1217002E220D /* kanji1.json in Resources */ = {isa = PBXBuildFile; fileRef = 96CC74D62CEA1217002E220D /* kanji1.json */; };
		96CC74E22CEA1217002E220D /* kanji7.json in Resources */ = {isa = PBXBuildFile; fileRef = 96CC74DC2CEA1217002E220D /* kanji7.json */; };
		96CC74E32CEA1217002E220D /* kanji3.json in Resources */ = {isa = PBXBuildFile; fileRef = 96CC74D82CEA1217002E220D /* kanji3.json */; };
		96CC76262CEB6F89002E220D /* launch.png in Resources */ = {isa = PBXBuildFile; fileRef = 96CC76252CEB6F89002E220D /* launch.png */; };
		96CC76292CEB894A002E220D /* HiraganaKatakanaTestViewController.swift in Sources */ = {isa = PBXBuildFile; fileRef = 96CC76282CEB894A002E220D /* HiraganaKatakanaTestViewController.swift */; };
		96CC762B2CEB89A6002E220D /* HiraganaKatakanaTest.storyboard in Resources */ = {isa = PBXBuildFile; fileRef = 96CC762A2CEB89A6002E220D /* HiraganaKatakanaTest.storyboard */; };
		96CC76322CEB8AAE002E220D /* HiraganaKatakanaManager.swift in Sources */ = {isa = PBXBuildFile; fileRef = 96CC76302CEB8AAE002E220D /* HiraganaKatakanaManager.swift */; };
		96CC76332CEB8AAE002E220D /* OCRManager.swift in Sources */ = {isa = PBXBuildFile; fileRef = 96CC76312CEB8AAE002E220D /* OCRManager.swift */; };
		96CC76352CEB8ABE002E220D /* DrawingView.swift in Sources */ = {isa = PBXBuildFile; fileRef = 96CC76342CEB8ABE002E220D /* DrawingView.swift */; };
		96CC76372CEB8AD1002E220D /* Line.swift in Sources */ = {isa = PBXBuildFile; fileRef = 96CC76362CEB8AD1002E220D /* Line.swift */; };
		96D9A8472B7C85530042E2DA /* KanjiTableViewCell.swift in Sources */ = {isa = PBXBuildFile; fileRef = 96D9A8462B7C85530042E2DA /* KanjiTableViewCell.swift */; };
		96D9A8492B7CD9160042E2DA /* Kanji.swift in Sources */ = {isa = PBXBuildFile; fileRef = 96D9A8482B7CD9160042E2DA /* Kanji.swift */; };
		96D9A8522B7CDB440042E2DA /* KanjiTableViewCell.xib in Resources */ = {isa = PBXBuildFile; fileRef = 96D9A8512B7CDB440042E2DA /* KanjiTableViewCell.xib */; };
/* End PBXBuildFile section */

/* Begin PBXContainerItemProxy section */
		96C0F2DD2CFDDE9400A9DC21 /* PBXContainerItemProxy */ = {
			isa = PBXContainerItemProxy;
			containerPortal = 962F1B8F2B79DCD10051C4DA /* Project object */;
			proxyType = 1;
			remoteGlobalIDString = 96C0F2CC2CFDDE9200A9DC21;
			remoteInfo = StudyWidegetExtension;
		};
/* End PBXContainerItemProxy section */

/* Begin PBXCopyFilesBuildPhase section */
		96C0F2E02CFDDE9400A9DC21 /* Embed Foundation Extensions */ = {
			isa = PBXCopyFilesBuildPhase;
			buildActionMask = 2147483647;
			dstPath = "";
			dstSubfolderSpec = 13;
			files = (
				96C0F2DF2CFDDE9400A9DC21 /* StudyWidegetExtension.appex in Embed Foundation Extensions */,
			);
			name = "Embed Foundation Extensions";
			runOnlyForDeploymentPostprocessing = 0;
		};
/* End PBXCopyFilesBuildPhase section */

/* Begin PBXFileReference section */
		960C6B562B7B3FE900D91407 /* JSONManager.swift */ = {isa = PBXFileReference; lastKnownFileType = sourcecode.swift; path = JSONManager.swift; sourceTree = "<group>"; };
		960C6B8A2B7B865700D91407 /* UserDefaultManager.swift */ = {isa = PBXFileReference; lastKnownFileType = sourcecode.swift; path = UserDefaultManager.swift; sourceTree = "<group>"; };
		9611091A2BAFE3F800AF4C45 /* TTSManager.swift */ = {isa = PBXFileReference; lastKnownFileType = sourcecode.swift; path = TTSManager.swift; sourceTree = "<group>"; };
		9615367F2C82E87C00563983 /* Main.storyboard */ = {isa = PBXFileReference; lastKnownFileType = file.storyboard; path = Main.storyboard; sourceTree = "<group>"; };
		961536812C82E9AC00563983 /* MainViewController.swift */ = {isa = PBXFileReference; lastKnownFileType = sourcecode.swift; path = MainViewController.swift; sourceTree = "<group>"; };
		961536842C8355F200563983 /* HeaderTableViewCell.xib */ = {isa = PBXFileReference; lastKnownFileType = file.xib; path = HeaderTableViewCell.xib; sourceTree = "<group>"; };
		961536862C83560D00563983 /* HeaderTableViewCell.swift */ = {isa = PBXFileReference; lastKnownFileType = sourcecode.swift; path = HeaderTableViewCell.swift; sourceTree = "<group>"; };
		961536882C84315900563983 /* IndexTableViewCell.swift */ = {isa = PBXFileReference; lastKnownFileType = sourcecode.swift; path = IndexTableViewCell.swift; sourceTree = "<group>"; };
		9615368A2C84319F00563983 /* IndexTableViewCell.xib */ = {isa = PBXFileReference; lastKnownFileType = file.xib; path = IndexTableViewCell.xib; sourceTree = "<group>"; };
		9615368C2C8433EB00563983 /* jlpt.png */ = {isa = PBXFileReference; lastKnownFileType = image.png; path = jlpt.png; sourceTree = "<group>"; };
		9615368D2C8433EB00563983 /* kanji.png */ = {isa = PBXFileReference; lastKnownFileType = image.png; path = kanji.png; sourceTree = "<group>"; };
		9615368E2C8433EB00563983 /* hiraganakatakana.png */ = {isa = PBXFileReference; lastKnownFileType = image.png; path = hiraganakatakana.png; sourceTree = "<group>"; };
		961536922C84868200563983 /* star.png */ = {isa = PBXFileReference; lastKnownFileType = image.png; path = star.png; sourceTree = "<group>"; };
		961536952C8AA6A200563983 /* Day.storyboard */ = {isa = PBXFileReference; lastKnownFileType = file.storyboard; path = Day.storyboard; sourceTree = "<group>"; };
		961536972C8AA6BA00563983 /* DayViewController.swift */ = {isa = PBXFileReference; lastKnownFileType = sourcecode.swift; path = DayViewController.swift; sourceTree = "<group>"; };
		9615369A2C8AB90A00563983 /* StudyViewController.swift */ = {isa = PBXFileReference; lastKnownFileType = sourcecode.swift; path = StudyViewController.swift; sourceTree = "<group>"; };
		9615369C2C8AB91400563983 /* Study.storyboard */ = {isa = PBXFileReference; lastKnownFileType = file.storyboard; path = Study.storyboard; sourceTree = "<group>"; };
		9615369F2C8C2C7400563983 /* Test.storyboard */ = {isa = PBXFileReference; lastKnownFileType = file.storyboard; path = Test.storyboard; sourceTree = "<group>"; };
		961536A12C8C2C7E00563983 /* TestViewController.swift */ = {isa = PBXFileReference; lastKnownFileType = sourcecode.swift; path = TestViewController.swift; sourceTree = "<group>"; };
		962F1B972B79DCD10051C4DA /* JapaneseBenkyo.app */ = {isa = PBXFileReference; explicitFileType = wrapper.application; includeInIndex = 0; path = JapaneseBenkyo.app; sourceTree = BUILT_PRODUCTS_DIR; };
		962F1B9A2B79DCD10051C4DA /* AppDelegate.swift */ = {isa = PBXFileReference; lastKnownFileType = sourcecode.swift; path = AppDelegate.swift; sourceTree = "<group>"; };
		962F1BA32B79DCD20051C4DA /* Assets.xcassets */ = {isa = PBXFileReference; lastKnownFileType = folder.assetcatalog; path = Assets.xcassets; sourceTree = "<group>"; };
		962F1BA62B79DCD20051C4DA /* Base */ = {isa = PBXFileReference; lastKnownFileType = file.storyboard; name = Base; path = Base.lproj/LaunchScreen.storyboard; sourceTree = "<group>"; };
		962F1BA82B79DCD20051C4DA /* Info.plist */ = {isa = PBXFileReference; lastKnownFileType = text.plist.xml; path = Info.plist; sourceTree = "<group>"; };
		964AA5F82B79E80B007DE504 /* UIViewController+Ext.swift */ = {isa = PBXFileReference; fileEncoding = 4; lastKnownFileType = sourcecode.swift; path = "UIViewController+Ext.swift"; sourceTree = "<group>"; };
		9658D1FC2B9EABEA001A6A7E /* VocabularyTableViewHandler.swift */ = {isa = PBXFileReference; lastKnownFileType = sourcecode.swift; path = VocabularyTableViewHandler.swift; sourceTree = "<group>"; };
		965C1CED2C8C69DD00355DDF /* TestResultViewController.swift */ = {isa = PBXFileReference; lastKnownFileType = sourcecode.swift; path = TestResultViewController.swift; sourceTree = "<group>"; };
		965C1CEF2C8C6A3C00355DDF /* TestResult.storyboard */ = {isa = PBXFileReference; lastKnownFileType = file.storyboard; path = TestResult.storyboard; sourceTree = "<group>"; };
		965C1CF32C8C768600355DDF /* HiraganaKatakanaViewController.swift */ = {isa = PBXFileReference; lastKnownFileType = sourcecode.swift; path = HiraganaKatakanaViewController.swift; sourceTree = "<group>"; };
		965C1CF52C8C769C00355DDF /* HiraganaKatakana.storyboard */ = {isa = PBXFileReference; lastKnownFileType = file.storyboard; path = HiraganaKatakana.storyboard; sourceTree = "<group>"; };
		965C1CF72C8C77B400355DDF /* HiraganaKatakanaCollectionViewCell.swift */ = {isa = PBXFileReference; lastKnownFileType = sourcecode.swift; path = HiraganaKatakanaCollectionViewCell.swift; sourceTree = "<group>"; };
		965C1CF92C8C77C500355DDF /* HiraganaKatakanaCollectionViewCell.xib */ = {isa = PBXFileReference; lastKnownFileType = file.xib; path = HiraganaKatakanaCollectionViewCell.xib; sourceTree = "<group>"; };
		965C1CFC2C8C887300355DDF /* ProcessView.swift */ = {isa = PBXFileReference; lastKnownFileType = sourcecode.swift; path = ProcessView.swift; sourceTree = "<group>"; };
		967AD8D22CEC6D81001A3397 /* HiraganaKatakanaTestResult.storyboard */ = {isa = PBXFileReference; lastKnownFileType = file.storyboard; path = HiraganaKatakanaTestResult.storyboard; sourceTree = "<group>"; };
		967AD8D42CEC6D95001A3397 /* HiraganaKatakanaTestResultViewController.swift */ = {isa = PBXFileReference; lastKnownFileType = sourcecode.swift; path = HiraganaKatakanaTestResultViewController.swift; sourceTree = "<group>"; };
		967AD8D72CEC756F001A3397 /* TestResultTableViewCell.xib */ = {isa = PBXFileReference; lastKnownFileType = file.xib; path = TestResultTableViewCell.xib; sourceTree = "<group>"; };
		967AD8D92CEC763C001A3397 /* TestResultTableViewCell.swift */ = {isa = PBXFileReference; lastKnownFileType = sourcecode.swift; path = TestResultTableViewCell.swift; sourceTree = "<group>"; };
		969493512B7DDE140064312F /* Vocabulary.swift */ = {isa = PBXFileReference; lastKnownFileType = sourcecode.swift; path = Vocabulary.swift; sourceTree = "<group>"; };
		969493592B7DE78B0064312F /* VocabularyTableViewCell.xib */ = {isa = PBXFileReference; fileEncoding = 4; lastKnownFileType = file.xib; path = VocabularyTableViewCell.xib; sourceTree = "<group>"; };
		9694935A2B7DE78B0064312F /* VocabularyTableViewCell.swift */ = {isa = PBXFileReference; fileEncoding = 4; lastKnownFileType = sourcecode.swift; path = VocabularyTableViewCell.swift; sourceTree = "<group>"; };
		96A35C772BA5BB4F00D7B4F9 /* CommonConstant.swift */ = {isa = PBXFileReference; lastKnownFileType = sourcecode.swift; path = CommonConstant.swift; sourceTree = "<group>"; };
		96A35C792BA5BEDF00D7B4F9 /* KanjiTableViewHandler.swift */ = {isa = PBXFileReference; lastKnownFileType = sourcecode.swift; path = KanjiTableViewHandler.swift; sourceTree = "<group>"; };
		96BA5ABA2BA0A14F00E3373C /* appicon.png */ = {isa = PBXFileReference; lastKnownFileType = image.png; path = appicon.png; sourceTree = "<group>"; };
		96BA5AC12BA2BB6B00E3373C /* UINavigationController+Ext.swift */ = {isa = PBXFileReference; lastKnownFileType = sourcecode.swift; path = "UINavigationController+Ext.swift"; sourceTree = "<group>"; };
		96BA5AFF2BA2CF3700E3373C /* n3.json */ = {isa = PBXFileReference; fileEncoding = 4; lastKnownFileType = text.json; path = n3.json; sourceTree = "<group>"; };
		96BA5B002BA2CF3700E3373C /* n4.json */ = {isa = PBXFileReference; fileEncoding = 4; lastKnownFileType = text.json; path = n4.json; sourceTree = "<group>"; };
		96BA5B012BA2CF3700E3373C /* n1.json */ = {isa = PBXFileReference; fileEncoding = 4; lastKnownFileType = text.json; path = n1.json; sourceTree = "<group>"; };
		96BA5B022BA2CF3700E3373C /* n5.json */ = {isa = PBXFileReference; fileEncoding = 4; lastKnownFileType = text.json; path = n5.json; sourceTree = "<group>"; };
		96BA5B032BA2CF3700E3373C /* n2.json */ = {isa = PBXFileReference; fileEncoding = 4; lastKnownFileType = text.json; path = n2.json; sourceTree = "<group>"; };
		96C0F2CD2CFDDE9200A9DC21 /* StudyWidegetExtension.appex */ = {isa = PBXFileReference; explicitFileType = "wrapper.app-extension"; includeInIndex = 0; path = StudyWidegetExtension.appex; sourceTree = BUILT_PRODUCTS_DIR; };
		96C0F2CF2CFDDE9200A9DC21 /* WidgetKit.framework */ = {isa = PBXFileReference; lastKnownFileType = wrapper.framework; name = WidgetKit.framework; path = System/Library/Frameworks/WidgetKit.framework; sourceTree = SDKROOT; };
		96C0F2D12CFDDE9200A9DC21 /* SwiftUI.framework */ = {isa = PBXFileReference; lastKnownFileType = wrapper.framework; name = SwiftUI.framework; path = System/Library/Frameworks/SwiftUI.framework; sourceTree = SDKROOT; };
		96C0F2E62CFDE12600A9DC21 /* IndexEnum.swift */ = {isa = PBXFileReference; lastKnownFileType = sourcecode.swift; path = IndexEnum.swift; sourceTree = "<group>"; };
		96C0F2E92CFDE2DB00A9DC21 /* SectionEnum.swift */ = {isa = PBXFileReference; lastKnownFileType = sourcecode.swift; path = SectionEnum.swift; sourceTree = "<group>"; };
		96C0F2EC2CFDE2F600A9DC21 /* Section+Ext.swift */ = {isa = PBXFileReference; lastKnownFileType = sourcecode.swift; path = "Section+Ext.swift"; sourceTree = "<group>"; };
		96C174172BB590EF006775E5 /* ExpandableAreaView.swift */ = {isa = PBXFileReference; fileEncoding = 4; lastKnownFileType = sourcecode.swift; path = ExpandableAreaView.swift; sourceTree = "<group>"; };
		96C174182BB590EF006775E5 /* ExpandableAreaView.xib */ = {isa = PBXFileReference; fileEncoding = 4; lastKnownFileType = file.xib; path = ExpandableAreaView.xib; sourceTree = "<group>"; };
		96C1741B2BB5AF13006775E5 /* UIStackView+Ext.swift */ = {isa = PBXFileReference; lastKnownFileType = sourcecode.swift; path = "UIStackView+Ext.swift"; sourceTree = "<group>"; };
		96CC74D62CEA1217002E220D /* kanji1.json */ = {isa = PBXFileReference; lastKnownFileType = text.json; path = kanji1.json; sourceTree = "<group>"; };
		96CC74D72CEA1217002E220D /* kanji2.json */ = {isa = PBXFileReference; lastKnownFileType = text.json; path = kanji2.json; sourceTree = "<group>"; };
		96CC74D82CEA1217002E220D /* kanji3.json */ = {isa = PBXFileReference; lastKnownFileType = text.json; path = kanji3.json; sourceTree = "<group>"; };
		96CC74D92CEA1217002E220D /* kanji4.json */ = {isa = PBXFileReference; lastKnownFileType = text.json; path = kanji4.json; sourceTree = "<group>"; };
		96CC74DA2CEA1217002E220D /* kanji5.json */ = {isa = PBXFileReference; lastKnownFileType = text.json; path = kanji5.json; sourceTree = "<group>"; };
		96CC74DB2CEA1217002E220D /* kanji6.json */ = {isa = PBXFileReference; lastKnownFileType = text.json; path = kanji6.json; sourceTree = "<group>"; };
		96CC74DC2CEA1217002E220D /* kanji7.json */ = {isa = PBXFileReference; lastKnownFileType = text.json; path = kanji7.json; sourceTree = "<group>"; };
		96CC76252CEB6F89002E220D /* launch.png */ = {isa = PBXFileReference; lastKnownFileType = image.png; path = launch.png; sourceTree = "<group>"; };
		96CC76282CEB894A002E220D /* HiraganaKatakanaTestViewController.swift */ = {isa = PBXFileReference; lastKnownFileType = sourcecode.swift; path = HiraganaKatakanaTestViewController.swift; sourceTree = "<group>"; };
		96CC762A2CEB89A6002E220D /* HiraganaKatakanaTest.storyboard */ = {isa = PBXFileReference; lastKnownFileType = file.storyboard; path = HiraganaKatakanaTest.storyboard; sourceTree = "<group>"; };
		96CC76302CEB8AAE002E220D /* HiraganaKatakanaManager.swift */ = {isa = PBXFileReference; lastKnownFileType = sourcecode.swift; path = HiraganaKatakanaManager.swift; sourceTree = "<group>"; };
		96CC76312CEB8AAE002E220D /* OCRManager.swift */ = {isa = PBXFileReference; lastKnownFileType = sourcecode.swift; path = OCRManager.swift; sourceTree = "<group>"; };
		96CC76342CEB8ABE002E220D /* DrawingView.swift */ = {isa = PBXFileReference; lastKnownFileType = sourcecode.swift; path = DrawingView.swift; sourceTree = "<group>"; };
		96CC76362CEB8AD1002E220D /* Line.swift */ = {isa = PBXFileReference; lastKnownFileType = sourcecode.swift; path = Line.swift; sourceTree = "<group>"; };
		96D9A8462B7C85530042E2DA /* KanjiTableViewCell.swift */ = {isa = PBXFileReference; lastKnownFileType = sourcecode.swift; path = KanjiTableViewCell.swift; sourceTree = "<group>"; };
		96D9A8482B7CD9160042E2DA /* Kanji.swift */ = {isa = PBXFileReference; lastKnownFileType = sourcecode.swift; path = Kanji.swift; sourceTree = "<group>"; };
		96D9A8512B7CDB440042E2DA /* KanjiTableViewCell.xib */ = {isa = PBXFileReference; fileEncoding = 4; lastKnownFileType = file.xib; path = KanjiTableViewCell.xib; sourceTree = "<group>"; };
/* End PBXFileReference section */

/* Begin PBXFileSystemSynchronizedBuildFileExceptionSet section */
		96C0F2E32CFDDE9400A9DC21 /* PBXFileSystemSynchronizedBuildFileExceptionSet */ = {
			isa = PBXFileSystemSynchronizedBuildFileExceptionSet;
			membershipExceptions = (
				Info.plist,
			);
			target = 96C0F2CC2CFDDE9200A9DC21 /* StudyWidegetExtension */;
		};
/* End PBXFileSystemSynchronizedBuildFileExceptionSet section */

/* Begin PBXFileSystemSynchronizedRootGroup section */
		96C0F2D32CFDDE9200A9DC21 /* StudyWideget */ = {isa = PBXFileSystemSynchronizedRootGroup; exceptions = (96C0F2E32CFDDE9400A9DC21 /* PBXFileSystemSynchronizedBuildFileExceptionSet */, ); explicitFileTypes = {}; explicitFolders = (); path = StudyWideget; sourceTree = "<group>"; };
/* End PBXFileSystemSynchronizedRootGroup section */

/* Begin PBXFrameworksBuildPhase section */
		962F1B942B79DCD10051C4DA /* Frameworks */ = {
			isa = PBXFrameworksBuildPhase;
			buildActionMask = 2147483647;
			files = (
				96C0FD5A2D0AF7FE00A9DC21 /* GoogleMobileAds in Frameworks */,
			);
			runOnlyForDeploymentPostprocessing = 0;
		};
		96C0F2CA2CFDDE9200A9DC21 /* Frameworks */ = {
			isa = PBXFrameworksBuildPhase;
			buildActionMask = 2147483647;
			files = (
				96C0F2D22CFDDE9200A9DC21 /* SwiftUI.framework in Frameworks */,
				96C0F2D02CFDDE9200A9DC21 /* WidgetKit.framework in Frameworks */,
			);
			runOnlyForDeploymentPostprocessing = 0;
		};
/* End PBXFrameworksBuildPhase section */

/* Begin PBXGroup section */
		960C6B892B7B863C00D91407 /* Singleton */ = {
			isa = PBXGroup;
			children = (
				960C6B562B7B3FE900D91407 /* JSONManager.swift */,
				960C6B8A2B7B865700D91407 /* UserDefaultManager.swift */,
				96A35C772BA5BB4F00D7B4F9 /* CommonConstant.swift */,
				9611091A2BAFE3F800AF4C45 /* TTSManager.swift */,
				96CC76302CEB8AAE002E220D /* HiraganaKatakanaManager.swift */,
				96CC76312CEB8AAE002E220D /* OCRManager.swift */,
			);
			path = Singleton;
			sourceTree = "<group>";
		};
		961536832C8355C600563983 /* HeaderTableViewCell */ = {
			isa = PBXGroup;
			children = (
				961536862C83560D00563983 /* HeaderTableViewCell.swift */,
				961536842C8355F200563983 /* HeaderTableViewCell.xib */,
			);
			path = HeaderTableViewCell;
			sourceTree = "<group>";
		};
		961536942C8AA68000563983 /* Day */ = {
			isa = PBXGroup;
			children = (
				961536972C8AA6BA00563983 /* DayViewController.swift */,
				961536952C8AA6A200563983 /* Day.storyboard */,
			);
			path = Day;
			sourceTree = "<group>";
		};
		961536992C8AB8F800563983 /* Study */ = {
			isa = PBXGroup;
			children = (
				9615369A2C8AB90A00563983 /* StudyViewController.swift */,
				9615369C2C8AB91400563983 /* Study.storyboard */,
			);
			path = Study;
			sourceTree = "<group>";
		};
		9615369E2C8C2C6300563983 /* Test */ = {
			isa = PBXGroup;
			children = (
				961536A12C8C2C7E00563983 /* TestViewController.swift */,
				9615369F2C8C2C7400563983 /* Test.storyboard */,
			);
			path = Test;
			sourceTree = "<group>";
		};
		962F1B8E2B79DCD10051C4DA = {
			isa = PBXGroup;
			children = (
				962F1B992B79DCD10051C4DA /* JapaneseBenkyo */,
				96C0F2D32CFDDE9200A9DC21 /* StudyWideget */,
				96C0F2CE2CFDDE9200A9DC21 /* Frameworks */,
				962F1B982B79DCD10051C4DA /* Products */,
			);
			sourceTree = "<group>";
		};
		962F1B982B79DCD10051C4DA /* Products */ = {
			isa = PBXGroup;
			children = (
				962F1B972B79DCD10051C4DA /* JapaneseBenkyo.app */,
				96C0F2CD2CFDDE9200A9DC21 /* StudyWidegetExtension.appex */,
			);
			name = Products;
			sourceTree = "<group>";
		};
		962F1B992B79DCD10051C4DA /* JapaneseBenkyo */ = {
			isa = PBXGroup;
			children = (
				96C0F2E52CFDE11500A9DC21 /* Enum */,
				967AD8DC2CEC9175001A3397 /* Scene */,
				967AD8DD2CEC918F001A3397 /* Cell */,
				965C1CF12C8C751600355DDF /* Model */,
				964AA5F72B79E7FD007DE504 /* Extension */,
				960C6B892B7B863C00D91407 /* Singleton */,
				96AD6B6D2B79FCEB00F895DE /* res */,
				962F1B9A2B79DCD10051C4DA /* AppDelegate.swift */,
				962F1BA32B79DCD20051C4DA /* Assets.xcassets */,
				962F1BA52B79DCD20051C4DA /* LaunchScreen.storyboard */,
				962F1BA82B79DCD20051C4DA /* Info.plist */,
			);
			path = JapaneseBenkyo;
			sourceTree = "<group>";
		};
		964AA5F22B79E78D007DE504 /* IndexTableViewCell */ = {
			isa = PBXGroup;
			children = (
				961536882C84315900563983 /* IndexTableViewCell.swift */,
				9615368A2C84319F00563983 /* IndexTableViewCell.xib */,
			);
			path = IndexTableViewCell;
			sourceTree = "<group>";
		};
		964AA5F72B79E7FD007DE504 /* Extension */ = {
			isa = PBXGroup;
			children = (
				964AA5F82B79E80B007DE504 /* UIViewController+Ext.swift */,
				96BA5AC12BA2BB6B00E3373C /* UINavigationController+Ext.swift */,
				96C1741B2BB5AF13006775E5 /* UIStackView+Ext.swift */,
			);
			path = Extension;
			sourceTree = "<group>";
		};
		965C1CEC2C8C69C200355DDF /* TestResult */ = {
			isa = PBXGroup;
			children = (
				965C1CED2C8C69DD00355DDF /* TestResultViewController.swift */,
				965C1CEF2C8C6A3C00355DDF /* TestResult.storyboard */,
			);
			path = TestResult;
			sourceTree = "<group>";
		};
		965C1CF12C8C751600355DDF /* Model */ = {
			isa = PBXGroup;
			children = (
				969493512B7DDE140064312F /* Vocabulary.swift */,
				96D9A8482B7CD9160042E2DA /* Kanji.swift */,
			);
			path = Model;
			sourceTree = "<group>";
		};
		965C1CF22C8C766D00355DDF /* HiraganaKatakana */ = {
			isa = PBXGroup;
			children = (
				965C1CF32C8C768600355DDF /* HiraganaKatakanaViewController.swift */,
				965C1CF52C8C769C00355DDF /* HiraganaKatakana.storyboard */,
			);
			path = HiraganaKatakana;
			sourceTree = "<group>";
		};
		965C1CFB2C8C885C00355DDF /* ProcessView */ = {
			isa = PBXGroup;
			children = (
				965C1CFC2C8C887300355DDF /* ProcessView.swift */,
			);
			path = ProcessView;
			sourceTree = "<group>";
		};
		967AD8D12CEC6D61001A3397 /* HiraganaKatakanaTestResult */ = {
			isa = PBXGroup;
			children = (
				967AD8D42CEC6D95001A3397 /* HiraganaKatakanaTestResultViewController.swift */,
				967AD8D22CEC6D81001A3397 /* HiraganaKatakanaTestResult.storyboard */,
			);
			path = HiraganaKatakanaTestResult;
			sourceTree = "<group>";
		};
		967AD8D62CEC74ED001A3397 /* TestResultTableViewCell */ = {
			isa = PBXGroup;
			children = (
				967AD8D92CEC763C001A3397 /* TestResultTableViewCell.swift */,
				967AD8D72CEC756F001A3397 /* TestResultTableViewCell.xib */,
			);
			path = TestResultTableViewCell;
			sourceTree = "<group>";
		};
		967AD8DB2CEC913F001A3397 /* HiraganaKatakanaCollectionViewCell */ = {
			isa = PBXGroup;
			children = (
				965C1CF72C8C77B400355DDF /* HiraganaKatakanaCollectionViewCell.swift */,
				965C1CF92C8C77C500355DDF /* HiraganaKatakanaCollectionViewCell.xib */,
			);
			path = HiraganaKatakanaCollectionViewCell;
			sourceTree = "<group>";
		};
		967AD8DC2CEC9175001A3397 /* Scene */ = {
			isa = PBXGroup;
			children = (
				96AD6B6E2B79FD0400F895DE /* Main */,
				965C1CFB2C8C885C00355DDF /* ProcessView */,
				965C1CF22C8C766D00355DDF /* HiraganaKatakana */,
				96CC76272CEB88E8002E220D /* HiraganaKatakanaTest */,
				967AD8D12CEC6D61001A3397 /* HiraganaKatakanaTestResult */,
				961536942C8AA68000563983 /* Day */,
				961536992C8AB8F800563983 /* Study */,
				9615369E2C8C2C6300563983 /* Test */,
				965C1CEC2C8C69C200355DDF /* TestResult */,
			);
			path = Scene;
			sourceTree = "<group>";
		};
		967AD8DD2CEC918F001A3397 /* Cell */ = {
			isa = PBXGroup;
			children = (
				967AD8DB2CEC913F001A3397 /* HiraganaKatakanaCollectionViewCell */,
				961536832C8355C600563983 /* HeaderTableViewCell */,
				964AA5F22B79E78D007DE504 /* IndexTableViewCell */,
				96D9A84A2B7CDA0E0042E2DA /* KanjiTableViewCell */,
				969493542B7DE6700064312F /* VocabularyTableViewCell */,
				967AD8D62CEC74ED001A3397 /* TestResultTableViewCell */,
			);
			path = Cell;
			sourceTree = "<group>";
		};
		969493542B7DE6700064312F /* VocabularyTableViewCell */ = {
			isa = PBXGroup;
			children = (
				9658D1FC2B9EABEA001A6A7E /* VocabularyTableViewHandler.swift */,
				9694935A2B7DE78B0064312F /* VocabularyTableViewCell.swift */,
				969493592B7DE78B0064312F /* VocabularyTableViewCell.xib */,
			);
			path = VocabularyTableViewCell;
			sourceTree = "<group>";
		};
		96AD6B6D2B79FCEB00F895DE /* res */ = {
			isa = PBXGroup;
			children = (
				9615368E2C8433EB00563983 /* hiraganakatakana.png */,
				96CC76252CEB6F89002E220D /* launch.png */,
				9615368C2C8433EB00563983 /* jlpt.png */,
				9615368D2C8433EB00563983 /* kanji.png */,
				96BA5ABA2BA0A14F00E3373C /* appicon.png */,
				961536922C84868200563983 /* star.png */,
				96CC74D62CEA1217002E220D /* kanji1.json */,
				96CC74D72CEA1217002E220D /* kanji2.json */,
				96CC74D82CEA1217002E220D /* kanji3.json */,
				96CC74D92CEA1217002E220D /* kanji4.json */,
				96CC74DA2CEA1217002E220D /* kanji5.json */,
				96CC74DB2CEA1217002E220D /* kanji6.json */,
				96CC74DC2CEA1217002E220D /* kanji7.json */,
				96BA5B012BA2CF3700E3373C /* n1.json */,
				96BA5B032BA2CF3700E3373C /* n2.json */,
				96BA5AFF2BA2CF3700E3373C /* n3.json */,
				96BA5B002BA2CF3700E3373C /* n4.json */,
				96BA5B022BA2CF3700E3373C /* n5.json */,
			);
			path = res;
			sourceTree = "<group>";
		};
		96AD6B6E2B79FD0400F895DE /* Main */ = {
			isa = PBXGroup;
			children = (
				961536812C82E9AC00563983 /* MainViewController.swift */,
				9615367F2C82E87C00563983 /* Main.storyboard */,
			);
			path = Main;
			sourceTree = "<group>";
		};
		96C0F2CE2CFDDE9200A9DC21 /* Frameworks */ = {
			isa = PBXGroup;
			children = (
				96C0F2CF2CFDDE9200A9DC21 /* WidgetKit.framework */,
				96C0F2D12CFDDE9200A9DC21 /* SwiftUI.framework */,
			);
			name = Frameworks;
			sourceTree = "<group>";
		};
		96C0F2E52CFDE11500A9DC21 /* Enum */ = {
			isa = PBXGroup;
			children = (
				96C0F2E62CFDE12600A9DC21 /* IndexEnum.swift */,
				96C0F2E92CFDE2DB00A9DC21 /* SectionEnum.swift */,
				96C0F2EC2CFDE2F600A9DC21 /* Section+Ext.swift */,
			);
			path = Enum;
			sourceTree = "<group>";
		};
		96CC76272CEB88E8002E220D /* HiraganaKatakanaTest */ = {
			isa = PBXGroup;
			children = (
				96CC76282CEB894A002E220D /* HiraganaKatakanaTestViewController.swift */,
				96CC762A2CEB89A6002E220D /* HiraganaKatakanaTest.storyboard */,
				96CC76342CEB8ABE002E220D /* DrawingView.swift */,
				96CC76362CEB8AD1002E220D /* Line.swift */,
			);
			path = HiraganaKatakanaTest;
			sourceTree = "<group>";
		};
		96D9A84A2B7CDA0E0042E2DA /* KanjiTableViewCell */ = {
			isa = PBXGroup;
			children = (
				96A35C792BA5BEDF00D7B4F9 /* KanjiTableViewHandler.swift */,
				96D9A8462B7C85530042E2DA /* KanjiTableViewCell.swift */,
				96D9A8512B7CDB440042E2DA /* KanjiTableViewCell.xib */,
				96C174172BB590EF006775E5 /* ExpandableAreaView.swift */,
				96C174182BB590EF006775E5 /* ExpandableAreaView.xib */,
			);
			path = KanjiTableViewCell;
			sourceTree = "<group>";
		};
/* End PBXGroup section */

/* Begin PBXNativeTarget section */
		962F1B962B79DCD10051C4DA /* JapaneseBenkyo */ = {
			isa = PBXNativeTarget;
			buildConfigurationList = 962F1BC12B79DCD30051C4DA /* Build configuration list for PBXNativeTarget "JapaneseBenkyo" */;
			buildPhases = (
				962F1B932B79DCD10051C4DA /* Sources */,
				962F1B942B79DCD10051C4DA /* Frameworks */,
				962F1B952B79DCD10051C4DA /* Resources */,
				96C0F2E02CFDDE9400A9DC21 /* Embed Foundation Extensions */,
			);
			buildRules = (
			);
			dependencies = (
				96C0F2DE2CFDDE9400A9DC21 /* PBXTargetDependency */,
			);
			name = JapaneseBenkyo;
			productName = JapaneseBenkyo;
			productReference = 962F1B972B79DCD10051C4DA /* JapaneseBenkyo.app */;
			productType = "com.apple.product-type.application";
		};
		96C0F2CC2CFDDE9200A9DC21 /* StudyWidegetExtension */ = {
			isa = PBXNativeTarget;
			buildConfigurationList = 96C0F2E42CFDDE9400A9DC21 /* Build configuration list for PBXNativeTarget "StudyWidegetExtension" */;
			buildPhases = (
				96C0F2C92CFDDE9200A9DC21 /* Sources */,
				96C0F2CA2CFDDE9200A9DC21 /* Frameworks */,
				96C0F2CB2CFDDE9200A9DC21 /* Resources */,
			);
			buildRules = (
			);
			dependencies = (
			);
			fileSystemSynchronizedGroups = (
				96C0F2D32CFDDE9200A9DC21 /* StudyWideget */,
			);
			name = StudyWidegetExtension;
			packageProductDependencies = (
			);
			productName = StudyWidegetExtension;
			productReference = 96C0F2CD2CFDDE9200A9DC21 /* StudyWidegetExtension.appex */;
			productType = "com.apple.product-type.app-extension";
		};
/* End PBXNativeTarget section */

/* Begin PBXProject section */
		962F1B8F2B79DCD10051C4DA /* Project object */ = {
			isa = PBXProject;
			attributes = {
				BuildIndependentTargetsInParallel = 1;
				LastSwiftUpdateCheck = 1610;
				LastUpgradeCheck = 1520;
				TargetAttributes = {
					962F1B962B79DCD10051C4DA = {
						CreatedOnToolsVersion = 15.2;
					};
					96C0F2CC2CFDDE9200A9DC21 = {
						CreatedOnToolsVersion = 16.1;
					};
				};
			};
			buildConfigurationList = 962F1B922B79DCD10051C4DA /* Build configuration list for PBXProject "JapaneseBenkyo" */;
			compatibilityVersion = "Xcode 14.0";
			developmentRegion = ko;
			hasScannedForEncodings = 0;
			knownRegions = (
				ko,
				Base,
			);
			mainGroup = 962F1B8E2B79DCD10051C4DA;
			packageReferences = (
				96C0FD582D0AF7FE00A9DC21 /* XCRemoteSwiftPackageReference "swift-package-manager-google-mobile-ads" */,
			);
			productRefGroup = 962F1B982B79DCD10051C4DA /* Products */;
			projectDirPath = "";
			projectRoot = "";
			targets = (
				962F1B962B79DCD10051C4DA /* JapaneseBenkyo */,
				96C0F2CC2CFDDE9200A9DC21 /* StudyWidegetExtension */,
			);
		};
/* End PBXProject section */

/* Begin PBXResourcesBuildPhase section */
		962F1B952B79DCD10051C4DA /* Resources */ = {
			isa = PBXResourcesBuildPhase;
			buildActionMask = 2147483647;
			files = (
				961536802C82E87C00563983 /* Main.storyboard in Resources */,
				9615368B2C84319F00563983 /* IndexTableViewCell.xib in Resources */,
				96BA5B082BA2CF3700E3373C /* n2.json in Resources */,
				961536912C8433EB00563983 /* hiraganakatakana.png in Resources */,
				96BA5ABB2BA0A14F00E3373C /* appicon.png in Resources */,
				961536852C8355F200563983 /* HeaderTableViewCell.xib in Resources */,
				967AD8D82CEC756F001A3397 /* TestResultTableViewCell.xib in Resources */,
				96CC76262CEB6F89002E220D /* launch.png in Resources */,
				961536902C8433EB00563983 /* kanji.png in Resources */,
				96CC74DD2CEA1217002E220D /* kanji5.json in Resources */,
				96CC74DE2CEA1217002E220D /* kanji2.json in Resources */,
				96CC74DF2CEA1217002E220D /* kanji6.json in Resources */,
				96CC74E02CEA1217002E220D /* kanji4.json in Resources */,
				96CC74E12CEA1217002E220D /* kanji1.json in Resources */,
				96CC74E22CEA1217002E220D /* kanji7.json in Resources */,
				96CC74E32CEA1217002E220D /* kanji3.json in Resources */,
				965C1CF62C8C769C00355DDF /* HiraganaKatakana.storyboard in Resources */,
				961536A02C8C2C7400563983 /* Test.storyboard in Resources */,
				96BA5B072BA2CF3700E3373C /* n5.json in Resources */,
				9615368F2C8433EB00563983 /* jlpt.png in Resources */,
				96BA5B062BA2CF3700E3373C /* n1.json in Resources */,
				965C1CF02C8C6A3C00355DDF /* TestResult.storyboard in Resources */,
				96CC762B2CEB89A6002E220D /* HiraganaKatakanaTest.storyboard in Resources */,
				962F1BA72B79DCD20051C4DA /* LaunchScreen.storyboard in Resources */,
				962F1BA42B79DCD20051C4DA /* Assets.xcassets in Resources */,
				96BA5B052BA2CF3700E3373C /* n4.json in Resources */,
				9615369D2C8AB91400563983 /* Study.storyboard in Resources */,
				96D9A8522B7CDB440042E2DA /* KanjiTableViewCell.xib in Resources */,
				961536962C8AA6A200563983 /* Day.storyboard in Resources */,
				9694935B2B7DE78B0064312F /* VocabularyTableViewCell.xib in Resources */,
				961536932C84868200563983 /* star.png in Resources */,
				965C1CFA2C8C77C500355DDF /* HiraganaKatakanaCollectionViewCell.xib in Resources */,
				96BA5B042BA2CF3700E3373C /* n3.json in Resources */,
				96C1741A2BB590EF006775E5 /* ExpandableAreaView.xib in Resources */,
				967AD8D32CEC6D81001A3397 /* HiraganaKatakanaTestResult.storyboard in Resources */,
			);
			runOnlyForDeploymentPostprocessing = 0;
		};
		96C0F2CB2CFDDE9200A9DC21 /* Resources */ = {
			isa = PBXResourcesBuildPhase;
			buildActionMask = 2147483647;
			files = (
				96C0F2F02CFDE45600A9DC21 /* kanji5.json in Resources */,
				96C0F2F12CFDE45600A9DC21 /* kanji4.json in Resources */,
				96C0F2F22CFDE45600A9DC21 /* n2.json in Resources */,
				96C0F2F32CFDE45600A9DC21 /* kanji7.json in Resources */,
				96C0F2F42CFDE45600A9DC21 /* n3.json in Resources */,
				96C0F2F52CFDE45600A9DC21 /* kanji6.json in Resources */,
				96C0F2F62CFDE45600A9DC21 /* kanji3.json in Resources */,
				96C0F2F72CFDE45600A9DC21 /* n5.json in Resources */,
				96C0F2F82CFDE45600A9DC21 /* n1.json in Resources */,
				96C0F2F92CFDE45600A9DC21 /* n4.json in Resources */,
				96C0F2FA2CFDE45600A9DC21 /* kanji2.json in Resources */,
				96C0F2EF2CFDE45000A9DC21 /* kanji1.json in Resources */,
			);
			runOnlyForDeploymentPostprocessing = 0;
		};
/* End PBXResourcesBuildPhase section */

/* Begin PBXSourcesBuildPhase section */
		962F1B932B79DCD10051C4DA /* Sources */ = {
			isa = PBXSourcesBuildPhase;
			buildActionMask = 2147483647;
			files = (
				960C6B572B7B3FE900D91407 /* JSONManager.swift in Sources */,
				96C0F2EE2CFDE2F600A9DC21 /* Section+Ext.swift in Sources */,
				967AD8DA2CEC763C001A3397 /* TestResultTableViewCell.swift in Sources */,
				965C1CEE2C8C69DD00355DDF /* TestResultViewController.swift in Sources */,
				96A35C7A2BA5BEDF00D7B4F9 /* KanjiTableViewHandler.swift in Sources */,
				96C0F2EA2CFDE2DB00A9DC21 /* SectionEnum.swift in Sources */,
				9615369B2C8AB90A00563983 /* StudyViewController.swift in Sources */,
				96CC76352CEB8ABE002E220D /* DrawingView.swift in Sources */,
				965C1CFD2C8C887300355DDF /* ProcessView.swift in Sources */,
				965C1CF42C8C768600355DDF /* HiraganaKatakanaViewController.swift in Sources */,
				962F1B9B2B79DCD10051C4DA /* AppDelegate.swift in Sources */,
				96BA5AC22BA2BB6B00E3373C /* UINavigationController+Ext.swift in Sources */,
				96CC76372CEB8AD1002E220D /* Line.swift in Sources */,
				96C174192BB590EF006775E5 /* ExpandableAreaView.swift in Sources */,
				961536A22C8C2C7E00563983 /* TestViewController.swift in Sources */,
				961536982C8AA6BA00563983 /* DayViewController.swift in Sources */,
				964AA5F92B79E80B007DE504 /* UIViewController+Ext.swift in Sources */,
				96D9A8492B7CD9160042E2DA /* Kanji.swift in Sources */,
				96CC76292CEB894A002E220D /* HiraganaKatakanaTestViewController.swift in Sources */,
				96CC76322CEB8AAE002E220D /* HiraganaKatakanaManager.swift in Sources */,
				96CC76332CEB8AAE002E220D /* OCRManager.swift in Sources */,
				960C6B8B2B7B865700D91407 /* UserDefaultManager.swift in Sources */,
				96C1741C2BB5AF13006775E5 /* UIStackView+Ext.swift in Sources */,
				96D9A8472B7C85530042E2DA /* KanjiTableViewCell.swift in Sources */,
				9611091B2BAFE3F800AF4C45 /* TTSManager.swift in Sources */,
				9694935C2B7DE78B0064312F /* VocabularyTableViewCell.swift in Sources */,
				965C1CF82C8C77B400355DDF /* HiraganaKatakanaCollectionViewCell.swift in Sources */,
				961536872C83560D00563983 /* HeaderTableViewCell.swift in Sources */,
				96C0F2E72CFDE12800A9DC21 /* IndexEnum.swift in Sources */,
				96A35C782BA5BB4F00D7B4F9 /* CommonConstant.swift in Sources */,
				967AD8D52CEC6D95001A3397 /* HiraganaKatakanaTestResultViewController.swift in Sources */,
				9658D1FD2B9EABEA001A6A7E /* VocabularyTableViewHandler.swift in Sources */,
				961536892C84315900563983 /* IndexTableViewCell.swift in Sources */,
				961536822C82E9AC00563983 /* MainViewController.swift in Sources */,
				969493522B7DDE140064312F /* Vocabulary.swift in Sources */,
			);
			runOnlyForDeploymentPostprocessing = 0;
		};
		96C0F2C92CFDDE9200A9DC21 /* Sources */ = {
			isa = PBXSourcesBuildPhase;
			buildActionMask = 2147483647;
			files = (
				96C0FD3C2D03317100A9DC21 /* JSONManager.swift in Sources */,
				96C0FD3D2D0331F500A9DC21 /* Vocabulary.swift in Sources */,
				96C0FD3E2D0331F900A9DC21 /* Kanji.swift in Sources */,
			);
			runOnlyForDeploymentPostprocessing = 0;
		};
/* End PBXSourcesBuildPhase section */

/* Begin PBXTargetDependency section */
		96C0F2DE2CFDDE9400A9DC21 /* PBXTargetDependency */ = {
			isa = PBXTargetDependency;
			target = 96C0F2CC2CFDDE9200A9DC21 /* StudyWidegetExtension */;
			targetProxy = 96C0F2DD2CFDDE9400A9DC21 /* PBXContainerItemProxy */;
		};
/* End PBXTargetDependency section */

/* Begin PBXVariantGroup section */
		962F1BA52B79DCD20051C4DA /* LaunchScreen.storyboard */ = {
			isa = PBXVariantGroup;
			children = (
				962F1BA62B79DCD20051C4DA /* Base */,
			);
			name = LaunchScreen.storyboard;
			sourceTree = "<group>";
		};
/* End PBXVariantGroup section */

/* Begin XCBuildConfiguration section */
		962F1BBF2B79DCD30051C4DA /* Debug */ = {
			isa = XCBuildConfiguration;
			buildSettings = {
				ALWAYS_SEARCH_USER_PATHS = NO;
				ASSETCATALOG_COMPILER_GENERATE_SWIFT_ASSET_SYMBOL_EXTENSIONS = YES;
				CLANG_ANALYZER_NONNULL = YES;
				CLANG_ANALYZER_NUMBER_OBJECT_CONVERSION = YES_AGGRESSIVE;
				CLANG_CXX_LANGUAGE_STANDARD = "gnu++20";
				CLANG_ENABLE_MODULES = YES;
				CLANG_ENABLE_OBJC_ARC = YES;
				CLANG_ENABLE_OBJC_WEAK = YES;
				CLANG_WARN_BLOCK_CAPTURE_AUTORELEASING = YES;
				CLANG_WARN_BOOL_CONVERSION = YES;
				CLANG_WARN_COMMA = YES;
				CLANG_WARN_CONSTANT_CONVERSION = YES;
				CLANG_WARN_DEPRECATED_OBJC_IMPLEMENTATIONS = YES;
				CLANG_WARN_DIRECT_OBJC_ISA_USAGE = YES_ERROR;
				CLANG_WARN_DOCUMENTATION_COMMENTS = YES;
				CLANG_WARN_EMPTY_BODY = YES;
				CLANG_WARN_ENUM_CONVERSION = YES;
				CLANG_WARN_INFINITE_RECURSION = YES;
				CLANG_WARN_INT_CONVERSION = YES;
				CLANG_WARN_NON_LITERAL_NULL_CONVERSION = YES;
				CLANG_WARN_OBJC_IMPLICIT_RETAIN_SELF = YES;
				CLANG_WARN_OBJC_LITERAL_CONVERSION = YES;
				CLANG_WARN_OBJC_ROOT_CLASS = YES_ERROR;
				CLANG_WARN_QUOTED_INCLUDE_IN_FRAMEWORK_HEADER = YES;
				CLANG_WARN_RANGE_LOOP_ANALYSIS = YES;
				CLANG_WARN_STRICT_PROTOTYPES = YES;
				CLANG_WARN_SUSPICIOUS_MOVE = YES;
				CLANG_WARN_UNGUARDED_AVAILABILITY = YES_AGGRESSIVE;
				CLANG_WARN_UNREACHABLE_CODE = YES;
				CLANG_WARN__DUPLICATE_METHOD_MATCH = YES;
				COPY_PHASE_STRIP = NO;
				DEBUG_INFORMATION_FORMAT = dwarf;
				ENABLE_STRICT_OBJC_MSGSEND = YES;
				ENABLE_TESTABILITY = YES;
				ENABLE_USER_SCRIPT_SANDBOXING = YES;
				GCC_C_LANGUAGE_STANDARD = gnu17;
				GCC_DYNAMIC_NO_PIC = NO;
				GCC_NO_COMMON_BLOCKS = YES;
				GCC_OPTIMIZATION_LEVEL = 0;
				GCC_PREPROCESSOR_DEFINITIONS = (
					"DEBUG=1",
					"$(inherited)",
				);
				GCC_WARN_64_TO_32_BIT_CONVERSION = YES;
				GCC_WARN_ABOUT_RETURN_TYPE = YES_ERROR;
				GCC_WARN_UNDECLARED_SELECTOR = YES;
				GCC_WARN_UNINITIALIZED_AUTOS = YES_AGGRESSIVE;
				GCC_WARN_UNUSED_FUNCTION = YES;
				GCC_WARN_UNUSED_VARIABLE = YES;
				INFOPLIST_KEY_CFBundleDisplayName = "매일 일본어";
				IPHONEOS_DEPLOYMENT_TARGET = 17.2;
				LOCALIZATION_PREFERS_STRING_CATALOGS = YES;
				MTL_ENABLE_DEBUG_INFO = INCLUDE_SOURCE;
				MTL_FAST_MATH = YES;
				ONLY_ACTIVE_ARCH = YES;
				SDKROOT = iphoneos;
				SWIFT_ACTIVE_COMPILATION_CONDITIONS = "DEBUG $(inherited)";
				SWIFT_OPTIMIZATION_LEVEL = "-Onone";
			};
			name = Debug;
		};
		962F1BC02B79DCD30051C4DA /* Release */ = {
			isa = XCBuildConfiguration;
			buildSettings = {
				ALWAYS_SEARCH_USER_PATHS = NO;
				ASSETCATALOG_COMPILER_GENERATE_SWIFT_ASSET_SYMBOL_EXTENSIONS = YES;
				CLANG_ANALYZER_NONNULL = YES;
				CLANG_ANALYZER_NUMBER_OBJECT_CONVERSION = YES_AGGRESSIVE;
				CLANG_CXX_LANGUAGE_STANDARD = "gnu++20";
				CLANG_ENABLE_MODULES = YES;
				CLANG_ENABLE_OBJC_ARC = YES;
				CLANG_ENABLE_OBJC_WEAK = YES;
				CLANG_WARN_BLOCK_CAPTURE_AUTORELEASING = YES;
				CLANG_WARN_BOOL_CONVERSION = YES;
				CLANG_WARN_COMMA = YES;
				CLANG_WARN_CONSTANT_CONVERSION = YES;
				CLANG_WARN_DEPRECATED_OBJC_IMPLEMENTATIONS = YES;
				CLANG_WARN_DIRECT_OBJC_ISA_USAGE = YES_ERROR;
				CLANG_WARN_DOCUMENTATION_COMMENTS = YES;
				CLANG_WARN_EMPTY_BODY = YES;
				CLANG_WARN_ENUM_CONVERSION = YES;
				CLANG_WARN_INFINITE_RECURSION = YES;
				CLANG_WARN_INT_CONVERSION = YES;
				CLANG_WARN_NON_LITERAL_NULL_CONVERSION = YES;
				CLANG_WARN_OBJC_IMPLICIT_RETAIN_SELF = YES;
				CLANG_WARN_OBJC_LITERAL_CONVERSION = YES;
				CLANG_WARN_OBJC_ROOT_CLASS = YES_ERROR;
				CLANG_WARN_QUOTED_INCLUDE_IN_FRAMEWORK_HEADER = YES;
				CLANG_WARN_RANGE_LOOP_ANALYSIS = YES;
				CLANG_WARN_STRICT_PROTOTYPES = YES;
				CLANG_WARN_SUSPICIOUS_MOVE = YES;
				CLANG_WARN_UNGUARDED_AVAILABILITY = YES_AGGRESSIVE;
				CLANG_WARN_UNREACHABLE_CODE = YES;
				CLANG_WARN__DUPLICATE_METHOD_MATCH = YES;
				COPY_PHASE_STRIP = NO;
				DEBUG_INFORMATION_FORMAT = "dwarf-with-dsym";
				ENABLE_NS_ASSERTIONS = NO;
				ENABLE_STRICT_OBJC_MSGSEND = YES;
				ENABLE_USER_SCRIPT_SANDBOXING = YES;
				GCC_C_LANGUAGE_STANDARD = gnu17;
				GCC_NO_COMMON_BLOCKS = YES;
				GCC_WARN_64_TO_32_BIT_CONVERSION = YES;
				GCC_WARN_ABOUT_RETURN_TYPE = YES_ERROR;
				GCC_WARN_UNDECLARED_SELECTOR = YES;
				GCC_WARN_UNINITIALIZED_AUTOS = YES_AGGRESSIVE;
				GCC_WARN_UNUSED_FUNCTION = YES;
				GCC_WARN_UNUSED_VARIABLE = YES;
				INFOPLIST_KEY_CFBundleDisplayName = "매일 일본어";
				IPHONEOS_DEPLOYMENT_TARGET = 17.2;
				LOCALIZATION_PREFERS_STRING_CATALOGS = YES;
				MTL_ENABLE_DEBUG_INFO = NO;
				MTL_FAST_MATH = YES;
				SDKROOT = iphoneos;
				SWIFT_COMPILATION_MODE = wholemodule;
				VALIDATE_PRODUCT = YES;
			};
			name = Release;
		};
		962F1BC22B79DCD30051C4DA /* Debug */ = {
			isa = XCBuildConfiguration;
			buildSettings = {
				ASSETCATALOG_COMPILER_APPICON_NAME = AppIcon;
				ASSETCATALOG_COMPILER_GLOBAL_ACCENT_COLOR_NAME = AccentColor;
				CODE_SIGN_STYLE = Automatic;
				CURRENT_PROJECT_VERSION = 0;
				DEVELOPMENT_TEAM = JU27F4BHH8;
				GENERATE_INFOPLIST_FILE = YES;
				INFOPLIST_FILE = JapaneseBenkyo/Info.plist;
				INFOPLIST_KEY_CFBundleDisplayName = "매일 일본어";
				INFOPLIST_KEY_UIApplicationSupportsIndirectInputEvents = YES;
				INFOPLIST_KEY_UILaunchStoryboardName = LaunchScreen;
				INFOPLIST_KEY_UISupportedInterfaceOrientations = "UIInterfaceOrientationLandscapeLeft UIInterfaceOrientationLandscapeRight UIInterfaceOrientationPortrait UIInterfaceOrientationPortraitUpsideDown";
				IPHONEOS_DEPLOYMENT_TARGET = 16.0;
				LD_RUNPATH_SEARCH_PATHS = (
					"$(inherited)",
					"@executable_path/Frameworks",
				);
				MARKETING_VERSION = 2.02.00;
				PRODUCT_BUNDLE_IDENTIFIER = com.constant.mainichinihongo;
				PRODUCT_NAME = "$(TARGET_NAME)";
				SWIFT_EMIT_LOC_STRINGS = YES;
				SWIFT_VERSION = 5.0;
				TARGETED_DEVICE_FAMILY = "1,2";
			};
			name = Debug;
		};
		962F1BC32B79DCD30051C4DA /* Release */ = {
			isa = XCBuildConfiguration;
			buildSettings = {
				ASSETCATALOG_COMPILER_APPICON_NAME = AppIcon;
				ASSETCATALOG_COMPILER_GLOBAL_ACCENT_COLOR_NAME = AccentColor;
				CODE_SIGN_STYLE = Automatic;
				CURRENT_PROJECT_VERSION = 0;
				DEVELOPMENT_TEAM = JU27F4BHH8;
				GENERATE_INFOPLIST_FILE = YES;
				INFOPLIST_FILE = JapaneseBenkyo/Info.plist;
				INFOPLIST_KEY_CFBundleDisplayName = "매일 일본어";
				INFOPLIST_KEY_UIApplicationSupportsIndirectInputEvents = YES;
				INFOPLIST_KEY_UILaunchStoryboardName = LaunchScreen;
				INFOPLIST_KEY_UISupportedInterfaceOrientations = "UIInterfaceOrientationLandscapeLeft UIInterfaceOrientationLandscapeRight UIInterfaceOrientationPortrait UIInterfaceOrientationPortraitUpsideDown";
				IPHONEOS_DEPLOYMENT_TARGET = 16.0;
				LD_RUNPATH_SEARCH_PATHS = (
					"$(inherited)",
					"@executable_path/Frameworks",
				);
				MARKETING_VERSION = 2.02.00;
				PRODUCT_BUNDLE_IDENTIFIER = com.constant.mainichinihongo;
				PRODUCT_NAME = "$(TARGET_NAME)";
				SWIFT_EMIT_LOC_STRINGS = YES;
				SWIFT_VERSION = 5.0;
				TARGETED_DEVICE_FAMILY = "1,2";
			};
			name = Release;
		};
		96C0F2E12CFDDE9400A9DC21 /* Debug */ = {
			isa = XCBuildConfiguration;
			buildSettings = {
				ASSETCATALOG_COMPILER_GLOBAL_ACCENT_COLOR_NAME = AccentColor;
				ASSETCATALOG_COMPILER_WIDGET_BACKGROUND_COLOR_NAME = WidgetBackground;
				CODE_SIGN_STYLE = Automatic;
				CURRENT_PROJECT_VERSION = 1;
				DEVELOPMENT_TEAM = JU27F4BHH8;
				GENERATE_INFOPLIST_FILE = YES;
				INFOPLIST_FILE = StudyWideget/Info.plist;
				INFOPLIST_KEY_CFBundleDisplayName = StudyWideget;
				INFOPLIST_KEY_NSHumanReadableCopyright = "";
				IPHONEOS_DEPLOYMENT_TARGET = 18.1;
				LD_RUNPATH_SEARCH_PATHS = (
					"$(inherited)",
					"@executable_path/Frameworks",
					"@executable_path/../../Frameworks",
				);
				MARKETING_VERSION = 1.0;
				PRODUCT_BUNDLE_IDENTIFIER = com.constant.mainichinihongo.StudyWideget;
				PRODUCT_NAME = "$(TARGET_NAME)";
				SKIP_INSTALL = YES;
				SWIFT_EMIT_LOC_STRINGS = YES;
				SWIFT_VERSION = 5.0;
				TARGETED_DEVICE_FAMILY = "1,2";
			};
			name = Debug;
		};
		96C0F2E22CFDDE9400A9DC21 /* Release */ = {
			isa = XCBuildConfiguration;
			buildSettings = {
				ASSETCATALOG_COMPILER_GLOBAL_ACCENT_COLOR_NAME = AccentColor;
				ASSETCATALOG_COMPILER_WIDGET_BACKGROUND_COLOR_NAME = WidgetBackground;
				CODE_SIGN_STYLE = Automatic;
				CURRENT_PROJECT_VERSION = 1;
				DEVELOPMENT_TEAM = JU27F4BHH8;
				GENERATE_INFOPLIST_FILE = YES;
				INFOPLIST_FILE = StudyWideget/Info.plist;
				INFOPLIST_KEY_CFBundleDisplayName = StudyWideget;
				INFOPLIST_KEY_NSHumanReadableCopyright = "";
				IPHONEOS_DEPLOYMENT_TARGET = 18.1;
				LD_RUNPATH_SEARCH_PATHS = (
					"$(inherited)",
					"@executable_path/Frameworks",
					"@executable_path/../../Frameworks",
				);
				MARKETING_VERSION = 1.0;
				PRODUCT_BUNDLE_IDENTIFIER = com.constant.mainichinihongo.StudyWideget;
				PRODUCT_NAME = "$(TARGET_NAME)";
				SKIP_INSTALL = YES;
				SWIFT_EMIT_LOC_STRINGS = YES;
				SWIFT_VERSION = 5.0;
				TARGETED_DEVICE_FAMILY = "1,2";
			};
			name = Release;
		};
/* End XCBuildConfiguration section */

/* Begin XCConfigurationList section */
		962F1B922B79DCD10051C4DA /* Build configuration list for PBXProject "JapaneseBenkyo" */ = {
			isa = XCConfigurationList;
			buildConfigurations = (
				962F1BBF2B79DCD30051C4DA /* Debug */,
				962F1BC02B79DCD30051C4DA /* Release */,
			);
			defaultConfigurationIsVisible = 0;
			defaultConfigurationName = Release;
		};
		962F1BC12B79DCD30051C4DA /* Build configuration list for PBXNativeTarget "JapaneseBenkyo" */ = {
			isa = XCConfigurationList;
			buildConfigurations = (
				962F1BC22B79DCD30051C4DA /* Debug */,
				962F1BC32B79DCD30051C4DA /* Release */,
			);
			defaultConfigurationIsVisible = 0;
			defaultConfigurationName = Release;
		};
		96C0F2E42CFDDE9400A9DC21 /* Build configuration list for PBXNativeTarget "StudyWidegetExtension" */ = {
			isa = XCConfigurationList;
			buildConfigurations = (
				96C0F2E12CFDDE9400A9DC21 /* Debug */,
				96C0F2E22CFDDE9400A9DC21 /* Release */,
			);
			defaultConfigurationIsVisible = 0;
			defaultConfigurationName = Release;
		};
/* End XCConfigurationList section */

/* Begin XCRemoteSwiftPackageReference section */
		96C0FD582D0AF7FE00A9DC21 /* XCRemoteSwiftPackageReference "swift-package-manager-google-mobile-ads" */ = {
			isa = XCRemoteSwiftPackageReference;
			repositoryURL = "https://github.com/googleads/swift-package-manager-google-mobile-ads.git";
			requirement = {
				kind = upToNextMajorVersion;
				minimumVersion = 11.13.0;
			};
		};
/* End XCRemoteSwiftPackageReference section */

/* Begin XCSwiftPackageProductDependency section */
		96C0FD592D0AF7FE00A9DC21 /* GoogleMobileAds */ = {
			isa = XCSwiftPackageProductDependency;
			package = 96C0FD582D0AF7FE00A9DC21 /* XCRemoteSwiftPackageReference "swift-package-manager-google-mobile-ads" */;
			productName = GoogleMobileAds;
		};
/* End XCSwiftPackageProductDependency section */
	};
	rootObject = 962F1B8F2B79DCD10051C4DA /* Project object */;
}
